<?xml version="1.0" encoding="utf-8"?>
<Project ToolsVersion="4.0" xmlns="http://schemas.microsoft.com/developer/msbuild/2003">
  <Import Project="LVGL.Portable.vcxitems.filters" />
  <Import Project="LVGL.Drivers.vcxitems.filters" />
  <ItemGroup>
    <ClInclude Include="lv_conf.h" />
    <ClInclude Include="lv_drv_conf.h" />
    <ClInclude Include="lvgl\demos\label\ui.h">
      <Filter>lvgl\demos\Label</Filter>
    </ClInclude>
    <ClInclude Include="lvgl\demos\label\ui_helpers.h">
      <Filter>lvgl\demos\Label</Filter>
    </ClInclude>
  </ItemGroup>
  <ItemGroup>
    <Manifest Include="LVGL.Simulator.manifest" />
  </ItemGroup>
  <ItemGroup>
    <ClInclude Include="Mile.Project.Properties.h" />
    <ClInclude Include="resource.h" />
  </ItemGroup>
  <ItemGroup>
    <ClCompile Include="LVGL.Simulator.cpp" />
    <ClCompile Include="lvgl\demos\label\ui.c">
      <Filter>lvgl\demos\Label</Filter>
    </ClCompile>
    <ClCompile Include="lvgl\demos\label\ui_helpers.c">
      <Filter>lvgl\demos\Label</Filter>
    </ClCompile>
  </ItemGroup>
  <ItemGroup>
    <ResourceCompile Include="LVGL.Simulator.rc" />
  </ItemGroup>
  <ItemGroup>
    <Image Include="LVGL.ico" />
  </ItemGroup>
  <ItemGroup>
    <None Include="freetype.props" />
  </ItemGroup>
  <ItemGroup>
    <Filter Include="lvgl\demos\Label">
      <UniqueIdentifier>{7a9dd94d-e3c5-4802-8c60-2ba3e50f99d0}</UniqueIdentifier>
    </Filter>
  </ItemGroup>
</Project>