<?xml version="1.0" encoding="utf-8"?>
<Project ToolsVersion="4.0" xmlns="http://schemas.microsoft.com/developer/msbuild/2003">
  <Import Project="LVGL.Portable.vcxitems.filters" />
  <Import Project="LVGL.Drivers.vcxitems.filters" />
  <ItemGroup>
    <ClInclude Include="lv_conf.h" />
    <ClInclude Include="lv_drv_conf.h" />
    <ClInclude Include="lvgl\demos\label\ui.h">
      <Filter>lvgl\demos\Label</Filter>
    </ClInclude>
    <ClInclude Include="lvgl\demos\label\ui_helpers.h">
      <Filter>lvgl\demos\Label</Filter>
    </ClInclude>
    <ClInclude Include="lvgl\study\02_pos-size-layout\02_layout.h">
      <Filter>lvgl\Study\02_Pos-Size-Layout</Filter>
    </ClInclude>
    <ClInclude Include="lvgl\study\03_style\03_style.h">
      <Filter>lvgl\Study\03_style</Filter>
    </ClInclude>
    <ClInclude Include="lvgl\study\04_event\04_event.h">
      <Filter>lvgl\Study\04_event</Filter>
    </ClInclude>
    <ClInclude Include="lvgl\study\05_label\05_label.h">
      <Filter>lvgl\Study\05_label</Filter>
    </ClInclude>
    <ClInclude Include="lvgl\study\06_button\06_button.h">
      <Filter>lvgl\Study\06_button</Filter>
    </ClInclude>
    <ClInclude Include="lvgl\study\07_group\07_group.h">
      <Filter>lvgl\Study\07_group</Filter>
    </ClInclude>
    <ClInclude Include="lvgl\study\08_switch\08_switch.h">
      <Filter>lvgl\Study\08_switch</Filter>
    </ClInclude>
    <ClInclude Include="lvgl\study\09_checkbox\09_checkBox.h">
      <Filter>lvgl\Study\09_checkBox</Filter>
    </ClInclude>
    <ClInclude Include="lvgl\study\10_dropDown\10_dropDown.h">
      <Filter>lvgl\Study\10_dropDown</Filter>
    </ClInclude>
    <ClInclude Include="lvgl\study\11_roller\11_roller.h">
      <Filter>lvgl\Study\11_roller</Filter>
    </ClInclude>
    <ClInclude Include="lvgl\study\12_bar\12_bar.h">
      <Filter>lvgl\Study\12_bar</Filter>
    </ClInclude>
    <ClInclude Include="lvgl\study\13_slider\13_slider.h">
      <Filter>lvgl\Study\13_slider</Filter>
    </ClInclude>
    <ClInclude Include="lvgl\study\14_demo1\14_demo1.h">
      <Filter>lvgl\Study\14_demo1</Filter>
    </ClInclude>
  </ItemGroup>
  <ItemGroup>
    <Manifest Include="LVGL.Simulator.manifest" />
  </ItemGroup>
  <ItemGroup>
    <ClInclude Include="Mile.Project.Properties.h" />
    <ClInclude Include="resource.h" />
  </ItemGroup>
  <ItemGroup>
    <ClCompile Include="LVGL.Simulator.cpp" />
    <ClCompile Include="lvgl\demos\label\ui.c">
      <Filter>lvgl\demos\Label</Filter>
    </ClCompile>
    <ClCompile Include="lvgl\demos\label\ui_helpers.c">
      <Filter>lvgl\demos\Label</Filter>
    </ClCompile>
    <ClCompile Include="lvgl\study\02_pos-size-layout\02_layout.c">
      <Filter>lvgl\Study\02_Pos-Size-Layout</Filter>
    </ClCompile>
    <ClCompile Include="lvgl\study\03_style\03_style.c">
      <Filter>lvgl\Study\03_style</Filter>
    </ClCompile>
    <ClCompile Include="lvgl\study\04_event\04_event.c">
      <Filter>lvgl\Study\04_event</Filter>
    </ClCompile>
    <ClCompile Include="lvgl\study\05_label\05_label.c">
      <Filter>lvgl\Study\05_label</Filter>
    </ClCompile>
    <ClCompile Include="lvgl\src\font\lv_font_opposans_medium_20.c">
      <Filter>lvgl\src\font</Filter>
    </ClCompile>
    <ClCompile Include="lvgl\study\06_button\06_button.c">
      <Filter>lvgl\Study\06_button</Filter>
    </ClCompile>
    <ClCompile Include="lvgl\study\07_group\07_group.c">
      <Filter>lvgl\Study\07_group</Filter>
    </ClCompile>
    <ClCompile Include="lvgl\study\08_switch\08_switch.c">
      <Filter>lvgl\Study\08_switch</Filter>
    </ClCompile>
    <ClCompile Include="lvgl\study\09_checkbox\09_checkBox.c">
      <Filter>lvgl\Study\09_checkBox</Filter>
    </ClCompile>
    <ClCompile Include="lvgl\study\10_dropDown\10_dropDown.c">
      <Filter>lvgl\Study\10_dropDown</Filter>
    </ClCompile>
    <ClCompile Include="lvgl\study\11_roller\11_roller.c">
      <Filter>lvgl\Study\11_roller</Filter>
    </ClCompile>
    <ClCompile Include="lvgl\study\12_bar\12_bar.c">
      <Filter>lvgl\Study\12_bar</Filter>
    </ClCompile>
    <ClCompile Include="lvgl\study\13_slider\13_slider.c">
      <Filter>lvgl\Study\13_slider</Filter>
    </ClCompile>
    <ClCompile Include="lvgl\study\14_demo1\14_demo1.c">
      <Filter>lvgl\Study\14_demo1</Filter>
    </ClCompile>
  </ItemGroup>
  <ItemGroup>
    <ResourceCompile Include="LVGL.Simulator.rc" />
  </ItemGroup>
  <ItemGroup>
    <Image Include="LVGL.ico" />
  </ItemGroup>
  <ItemGroup>
    <None Include="freetype.props" />
    <None Include="lvgl\study\05_label\lv_study.mk">
      <Filter>lvgl\Study</Filter>
    </None>
  </ItemGroup>
  <ItemGroup>
    <Filter Include="lvgl\demos\Label">
      <UniqueIdentifier>{7a9dd94d-e3c5-4802-8c60-2ba3e50f99d0}</UniqueIdentifier>
    </Filter>
    <Filter Include="lvgl\Study">
      <UniqueIdentifier>{37dcaee1-6e71-42cf-a89a-71a2845664e4}</UniqueIdentifier>
    </Filter>
    <Filter Include="lvgl\Study\02_Pos-Size-Layout">
      <UniqueIdentifier>{78353857-d733-4dad-9202-230aa46e59e6}</UniqueIdentifier>
    </Filter>
    <Filter Include="lvgl\Study\03_style">
      <UniqueIdentifier>{e405d696-ca7a-4722-a1ed-c66b72e5a447}</UniqueIdentifier>
    </Filter>
    <Filter Include="lvgl\Study\04_event">
      <UniqueIdentifier>{f19b5bca-8f8d-48c0-ab9a-bbc66c85e5f6}</UniqueIdentifier>
    </Filter>
    <Filter Include="lvgl\Study\05_label">
      <UniqueIdentifier>{c85cdada-6432-4d27-8c8e-ab35b172a659}</UniqueIdentifier>
    </Filter>
    <Filter Include="lvgl\Study\06_button">
      <UniqueIdentifier>{f7b90bb6-1272-4820-9d73-58e4d65ec41e}</UniqueIdentifier>
    </Filter>
    <Filter Include="lvgl\Study\07_group">
      <UniqueIdentifier>{bfa8e360-131d-4102-ac21-4087d68feed3}</UniqueIdentifier>
    </Filter>
    <Filter Include="lvgl\src\scripts">
      <UniqueIdentifier>{4d91782a-f946-4027-b01a-23bb5ddca439}</UniqueIdentifier>
    </Filter>
    <Filter Include="lvgl\Study\08_switch">
      <UniqueIdentifier>{fc4f9b83-c36f-46e2-8818-5eaa3b30ed07}</UniqueIdentifier>
    </Filter>
    <Filter Include="lvgl\Study\09_checkBox">
      <UniqueIdentifier>{c8f1cfac-f07b-4f11-a176-d4d2721fea17}</UniqueIdentifier>
    </Filter>
    <Filter Include="lvgl\Study\10_dropDown">
      <UniqueIdentifier>{89e7907b-1977-4439-8931-76d019201008}</UniqueIdentifier>
    </Filter>
    <Filter Include="lvgl\Study\11_roller">
      <UniqueIdentifier>{bd3e50cd-e304-471d-9ccd-62ab19c5ebd6}</UniqueIdentifier>
    </Filter>
    <Filter Include="lvgl\Study\12_bar">
      <UniqueIdentifier>{6c4ab0fb-e343-4667-8433-4eb5e3722fe3}</UniqueIdentifier>
    </Filter>
    <Filter Include="lvgl\Study\13_slider">
      <UniqueIdentifier>{9f42fc0a-1060-459c-b489-9f661ba1c098}</UniqueIdentifier>
    </Filter>
    <Filter Include="lvgl\Study\14_demo1">
      <UniqueIdentifier>{d1547d54-6398-4ad0-bc20-e7fc32b8af66}</UniqueIdentifier>
    </Filter>
  </ItemGroup>
</Project>